
Microsoft Visual Studio Solution File, Format Version 12.00
# Visual Studio Version 16
VisualStudioVersion = 16.0.31005.135
MinimumVisualStudioVersion = 10.0.40219.1
Project("{FAE04EC0-301F-11D3-BF4B-00C04F79EFBC}") = "SamBoutique", "SamBotique\SamBoutique.csproj", "{C31354C8-67D5-44EC-B50B-861990CD90BA}"
EndProject
Global
	GlobalSection(SolutionConfigurationPlatforms) = preSolution
		Debug|Any CPU = Debug|Any CPU
		Release|Any CPU = Release|Any CPU
	EndGlobalSection
	GlobalSection(ProjectConfigurationPlatforms) = postSolution
		{C31354C8-67D5-44EC-B50B-861990CD90BA}.Debug|Any CPU.ActiveCfg = Debug|Any CPU
		{C31354C8-67D5-44EC-B50B-861990CD90BA}.Debug|Any CPU.Build.0 = Debug|Any CPU
		{C31354C8-67D5-44EC-B50B-861990CD90BA}.Release|Any CPU.ActiveCfg = Release|Any CPU
		{C31354C8-67D5-44EC-B50B-861990CD90BA}.Release|Any CPU.Build.0 = Release|Any CPU
	EndGlobalSection
	GlobalSection(SolutionProperties) = preSolution
		HideSolutionNode = FALSE
	EndGlobalSection
	GlobalSection(ExtensibilityGlobals) = postSolution
		SolutionGuid = {BE79A134-0C9D-41B7-A9F4-FDED34182741}
	EndGlobalSection
EndGlobal
